// !$*UTF8*$!
{
	archiveVersion = 1;
	classes = {
	};
	objectVersion = 56;
	objects = {

/* Begin PBXBuildFile section */
		6792B4FE293DF0990033165E /* AppDelegate.swift in Sources */ = {isa = PBXBuildFile; fileRef = 6792B4FD293DF0990033165E /* AppDelegate.swift */; };
		6792B500293DF0990033165E /* SceneDelegate.swift in Sources */ = {isa = PBXBuildFile; fileRef = 6792B4FF293DF0990033165E /* SceneDelegate.swift */; };
		6792B507293DF09A0033165E /* Assets.xcassets in Resources */ = {isa = PBXBuildFile; fileRef = 6792B506293DF09A0033165E /* Assets.xcassets */; };
		6792B50A293DF09A0033165E /* LaunchScreen.storyboard in Resources */ = {isa = PBXBuildFile; fileRef = 6792B508293DF09A0033165E /* LaunchScreen.storyboard */; };
		6792B514293DFC200033165E /* SearchViewController.swift in Sources */ = {isa = PBXBuildFile; fileRef = 6792B513293DFC200033165E /* SearchViewController.swift */; };
		6792B516293DFC4B0033165E /* FavoritesViewController.swift in Sources */ = {isa = PBXBuildFile; fileRef = 6792B515293DFC4B0033165E /* FavoritesViewController.swift */; };
		6792B518293E05BF0033165E /* GFButton.swift in Sources */ = {isa = PBXBuildFile; fileRef = 6792B517293E05BF0033165E /* GFButton.swift */; };
		6792B51A293E0B090033165E /* GFTextField.swift in Sources */ = {isa = PBXBuildFile; fileRef = 6792B519293E0B090033165E /* GFTextField.swift */; };
		6792B51C293E26250033165E /* FollowersViewController.swift in Sources */ = {isa = PBXBuildFile; fileRef = 6792B51B293E26250033165E /* FollowersViewController.swift */; };
		6792B51E293E67480033165E /* GFTitleLabel.swift in Sources */ = {isa = PBXBuildFile; fileRef = 6792B51D293E67480033165E /* GFTitleLabel.swift */; };
		6792B520293E69840033165E /* GFBodyLabel.swift in Sources */ = {isa = PBXBuildFile; fileRef = 6792B51F293E69840033165E /* GFBodyLabel.swift */; };
		6792B522293E6A900033165E /* GFAlertViewController.swift in Sources */ = {isa = PBXBuildFile; fileRef = 6792B521293E6A900033165E /* GFAlertViewController.swift */; };
		6792B526293E791C0033165E /* UIViewController+Ext..swift in Sources */ = {isa = PBXBuildFile; fileRef = 6792B525293E791C0033165E /* UIViewController+Ext..swift */; };
		6792B52D293F35240033165E /* Follower.swift in Sources */ = {isa = PBXBuildFile; fileRef = 6792B52C293F35240033165E /* Follower.swift */; };
		6792B52F293F36990033165E /* User.swift in Sources */ = {isa = PBXBuildFile; fileRef = 6792B52E293F36990033165E /* User.swift */; };
		6792B532293F3C3D0033165E /* NetworkManager.swift in Sources */ = {isa = PBXBuildFile; fileRef = 6792B531293F3C3D0033165E /* NetworkManager.swift */; };
		6792B535293F507B0033165E /* ErrorCase.swift in Sources */ = {isa = PBXBuildFile; fileRef = 6792B534293F507B0033165E /* ErrorCase.swift */; };
		6792B538293F5D790033165E /* FollowerCell.swift in Sources */ = {isa = PBXBuildFile; fileRef = 6792B537293F5D790033165E /* FollowerCell.swift */; };
		6792B53A293F5F200033165E /* GFAvatarImageView.swift in Sources */ = {isa = PBXBuildFile; fileRef = 6792B539293F5F200033165E /* GFAvatarImageView.swift */; };
		6792B53C294088C10033165E /* UIHelper.swift in Sources */ = {isa = PBXBuildFile; fileRef = 6792B53B294088C10033165E /* UIHelper.swift */; };
		6792B53E2940EC090033165E /* GFEmptyStateView.swift in Sources */ = {isa = PBXBuildFile; fileRef = 6792B53D2940EC090033165E /* GFEmptyStateView.swift */; };
		6792B5402941DB950033165E /* UserInfoViewController.swift in Sources */ = {isa = PBXBuildFile; fileRef = 6792B53F2941DB950033165E /* UserInfoViewController.swift */; };
		6792B5422941E9580033165E /* GFHeaderViewController.swift in Sources */ = {isa = PBXBuildFile; fileRef = 6792B5412941E9580033165E /* GFHeaderViewController.swift */; };
		6792B5442941E9F80033165E /* GFMidTitleLabel.swift in Sources */ = {isa = PBXBuildFile; fileRef = 6792B5432941E9F80033165E /* GFMidTitleLabel.swift */; };
		6792B5482941F5DA0033165E /* SFSymbols.swift in Sources */ = {isa = PBXBuildFile; fileRef = 6792B5472941F5DA0033165E /* SFSymbols.swift */; };
		6792B54A2942179E0033165E /* GFItemView.swift in Sources */ = {isa = PBXBuildFile; fileRef = 6792B5492942179E0033165E /* GFItemView.swift */; };
		6792B54D2942246B0033165E /* GFItemViewController.swift in Sources */ = {isa = PBXBuildFile; fileRef = 6792B54C2942246B0033165E /* GFItemViewController.swift */; };
		6792B54F29422A210033165E /* GFRepoItemViewController.swift in Sources */ = {isa = PBXBuildFile; fileRef = 6792B54E29422A210033165E /* GFRepoItemViewController.swift */; };
		6792B55129422E8B0033165E /* GFFollowerViewController.swift in Sources */ = {isa = PBXBuildFile; fileRef = 6792B55029422E8B0033165E /* GFFollowerViewController.swift */; };
		6792B5542943437C0033165E /* PersistenceManager.swift in Sources */ = {isa = PBXBuildFile; fileRef = 6792B5532943437C0033165E /* PersistenceManager.swift */; };
		6792B556294368D20033165E /* FavoriteCell.swift in Sources */ = {isa = PBXBuildFile; fileRef = 6792B555294368D20033165E /* FavoriteCell.swift */; };
/* End PBXBuildFile section */

/* Begin PBXFileReference section */
		6792B4FA293DF0990033165E /* GitHub Followers.app */ = {isa = PBXFileReference; explicitFileType = wrapper.application; includeInIndex = 0; path = "GitHub Followers.app"; sourceTree = BUILT_PRODUCTS_DIR; };
		6792B4FD293DF0990033165E /* AppDelegate.swift */ = {isa = PBXFileReference; lastKnownFileType = sourcecode.swift; path = AppDelegate.swift; sourceTree = "<group>"; };
		6792B4FF293DF0990033165E /* SceneDelegate.swift */ = {isa = PBXFileReference; lastKnownFileType = sourcecode.swift; path = SceneDelegate.swift; sourceTree = "<group>"; };
		6792B506293DF09A0033165E /* Assets.xcassets */ = {isa = PBXFileReference; lastKnownFileType = folder.assetcatalog; path = Assets.xcassets; sourceTree = "<group>"; };
		6792B509293DF09A0033165E /* Base */ = {isa = PBXFileReference; lastKnownFileType = file.storyboard; name = Base; path = Base.lproj/LaunchScreen.storyboard; sourceTree = "<group>"; };
		6792B50B293DF09A0033165E /* Info.plist */ = {isa = PBXFileReference; lastKnownFileType = text.plist.xml; path = Info.plist; sourceTree = "<group>"; };
		6792B513293DFC200033165E /* SearchViewController.swift */ = {isa = PBXFileReference; lastKnownFileType = sourcecode.swift; path = SearchViewController.swift; sourceTree = "<group>"; };
		6792B515293DFC4B0033165E /* FavoritesViewController.swift */ = {isa = PBXFileReference; lastKnownFileType = sourcecode.swift; path = FavoritesViewController.swift; sourceTree = "<group>"; };
		6792B517293E05BF0033165E /* GFButton.swift */ = {isa = PBXFileReference; lastKnownFileType = sourcecode.swift; path = GFButton.swift; sourceTree = "<group>"; };
		6792B519293E0B090033165E /* GFTextField.swift */ = {isa = PBXFileReference; lastKnownFileType = sourcecode.swift; path = GFTextField.swift; sourceTree = "<group>"; };
		6792B51B293E26250033165E /* FollowersViewController.swift */ = {isa = PBXFileReference; lastKnownFileType = sourcecode.swift; path = FollowersViewController.swift; sourceTree = "<group>"; };
		6792B51D293E67480033165E /* GFTitleLabel.swift */ = {isa = PBXFileReference; lastKnownFileType = sourcecode.swift; path = GFTitleLabel.swift; sourceTree = "<group>"; };
		6792B51F293E69840033165E /* GFBodyLabel.swift */ = {isa = PBXFileReference; lastKnownFileType = sourcecode.swift; path = GFBodyLabel.swift; sourceTree = "<group>"; };
		6792B521293E6A900033165E /* GFAlertViewController.swift */ = {isa = PBXFileReference; lastKnownFileType = sourcecode.swift; path = GFAlertViewController.swift; sourceTree = "<group>"; };
		6792B525293E791C0033165E /* UIViewController+Ext..swift */ = {isa = PBXFileReference; lastKnownFileType = sourcecode.swift; path = "UIViewController+Ext..swift"; sourceTree = "<group>"; };
		6792B52C293F35240033165E /* Follower.swift */ = {isa = PBXFileReference; lastKnownFileType = sourcecode.swift; path = Follower.swift; sourceTree = "<group>"; };
		6792B52E293F36990033165E /* User.swift */ = {isa = PBXFileReference; lastKnownFileType = sourcecode.swift; path = User.swift; sourceTree = "<group>"; };
		6792B531293F3C3D0033165E /* NetworkManager.swift */ = {isa = PBXFileReference; lastKnownFileType = sourcecode.swift; path = NetworkManager.swift; sourceTree = "<group>"; };
		6792B534293F507B0033165E /* ErrorCase.swift */ = {isa = PBXFileReference; lastKnownFileType = sourcecode.swift; path = ErrorCase.swift; sourceTree = "<group>"; };
		6792B537293F5D790033165E /* FollowerCell.swift */ = {isa = PBXFileReference; lastKnownFileType = sourcecode.swift; path = FollowerCell.swift; sourceTree = "<group>"; };
		6792B539293F5F200033165E /* GFAvatarImageView.swift */ = {isa = PBXFileReference; lastKnownFileType = sourcecode.swift; path = GFAvatarImageView.swift; sourceTree = "<group>"; };
		6792B53B294088C10033165E /* UIHelper.swift */ = {isa = PBXFileReference; lastKnownFileType = sourcecode.swift; path = UIHelper.swift; sourceTree = "<group>"; };
		6792B53D2940EC090033165E /* GFEmptyStateView.swift */ = {isa = PBXFileReference; lastKnownFileType = sourcecode.swift; path = GFEmptyStateView.swift; sourceTree = "<group>"; };
		6792B53F2941DB950033165E /* UserInfoViewController.swift */ = {isa = PBXFileReference; lastKnownFileType = sourcecode.swift; path = UserInfoViewController.swift; sourceTree = "<group>"; };
		6792B5412941E9580033165E /* GFHeaderViewController.swift */ = {isa = PBXFileReference; lastKnownFileType = sourcecode.swift; path = GFHeaderViewController.swift; sourceTree = "<group>"; };
		6792B5432941E9F80033165E /* GFMidTitleLabel.swift */ = {isa = PBXFileReference; lastKnownFileType = sourcecode.swift; path = GFMidTitleLabel.swift; sourceTree = "<group>"; };
		6792B5472941F5DA0033165E /* SFSymbols.swift */ = {isa = PBXFileReference; lastKnownFileType = sourcecode.swift; path = SFSymbols.swift; sourceTree = "<group>"; };
		6792B5492942179E0033165E /* GFItemView.swift */ = {isa = PBXFileReference; lastKnownFileType = sourcecode.swift; path = GFItemView.swift; sourceTree = "<group>"; };
		6792B54C2942246B0033165E /* GFItemViewController.swift */ = {isa = PBXFileReference; lastKnownFileType = sourcecode.swift; path = GFItemViewController.swift; sourceTree = "<group>"; };
		6792B54E29422A210033165E /* GFRepoItemViewController.swift */ = {isa = PBXFileReference; lastKnownFileType = sourcecode.swift; path = GFRepoItemViewController.swift; sourceTree = "<group>"; };
		6792B55029422E8B0033165E /* GFFollowerViewController.swift */ = {isa = PBXFileReference; lastKnownFileType = sourcecode.swift; path = GFFollowerViewController.swift; sourceTree = "<group>"; };
		6792B5532943437C0033165E /* PersistenceManager.swift */ = {isa = PBXFileReference; lastKnownFileType = sourcecode.swift; path = PersistenceManager.swift; sourceTree = "<group>"; };
		6792B555294368D20033165E /* FavoriteCell.swift */ = {isa = PBXFileReference; lastKnownFileType = sourcecode.swift; path = FavoriteCell.swift; sourceTree = "<group>"; };
/* End PBXFileReference section */

/* Begin PBXFrameworksBuildPhase section */
		6792B4F7293DF0990033165E /* Frameworks */ = {
			isa = PBXFrameworksBuildPhase;
			buildActionMask = 2147483647;
			files = (
			);
			runOnlyForDeploymentPostprocessing = 0;
		};
/* End PBXFrameworksBuildPhase section */

/* Begin PBXGroup section */
		6792B4F1293DF0990033165E = {
			isa = PBXGroup;
			children = (
				6792B4FC293DF0990033165E /* GitHub Followers */,
				6792B4FB293DF0990033165E /* Products */,
			);
			sourceTree = "<group>";
		};
		6792B4FB293DF0990033165E /* Products */ = {
			isa = PBXGroup;
			children = (
				6792B4FA293DF0990033165E /* GitHub Followers.app */,
			);
			name = Products;
			sourceTree = "<group>";
		};
		6792B4FC293DF0990033165E /* GitHub Followers */ = {
			isa = PBXGroup;
			children = (
				6792B533293F50670033165E /* Utilities */,
				6792B530293F3C350033165E /* Managers */,
				6792B50B293DF09A0033165E /* Info.plist */,
				6792B52B293F350B0033165E /* Model */,
				6792B52A293E8FB50033165E /* Support */,
				6792B529293E8F050033165E /* Extensions */,
				6792B528293E7E890033165E /* Custom Views */,
				6792B527293E7E2B0033165E /* Screens */,
			);
			path = "GitHub Followers";
			sourceTree = "<group>";
		};
		6792B527293E7E2B0033165E /* Screens */ = {
			isa = PBXGroup;
			children = (
				6792B51B293E26250033165E /* FollowersViewController.swift */,
				6792B53F2941DB950033165E /* UserInfoViewController.swift */,
				6792B515293DFC4B0033165E /* FavoritesViewController.swift */,
				6792B513293DFC200033165E /* SearchViewController.swift */,
				6792B521293E6A900033165E /* GFAlertViewController.swift */,
			);
			path = Screens;
			sourceTree = "<group>";
		};
		6792B528293E7E890033165E /* Custom Views */ = {
			isa = PBXGroup;
			children = (
				6792B54B294224410033165E /* ViewControllers */,
				6792B5462941EC3A0033165E /* UI Components */,
				6792B5452941EC180033165E /* Views */,
				6792B536293F5D620033165E /* Cells */,
			);
			path = "Custom Views";
			sourceTree = "<group>";
		};
		6792B529293E8F050033165E /* Extensions */ = {
			isa = PBXGroup;
			children = (
				6792B525293E791C0033165E /* UIViewController+Ext..swift */,
			);
			path = Extensions;
			sourceTree = "<group>";
		};
		6792B52A293E8FB50033165E /* Support */ = {
			isa = PBXGroup;
			children = (
				6792B4FD293DF0990033165E /* AppDelegate.swift */,
				6792B4FF293DF0990033165E /* SceneDelegate.swift */,
				6792B506293DF09A0033165E /* Assets.xcassets */,
				6792B508293DF09A0033165E /* LaunchScreen.storyboard */,
			);
			path = Support;
			sourceTree = "<group>";
		};
		6792B52B293F350B0033165E /* Model */ = {
			isa = PBXGroup;
			children = (
				6792B52C293F35240033165E /* Follower.swift */,
				6792B52E293F36990033165E /* User.swift */,
			);
			path = Model;
			sourceTree = "<group>";
		};
		6792B530293F3C350033165E /* Managers */ = {
			isa = PBXGroup;
			children = (
				6792B531293F3C3D0033165E /* NetworkManager.swift */,
				6792B5532943437C0033165E /* PersistenceManager.swift */,
			);
			path = Managers;
			sourceTree = "<group>";
		};
		6792B533293F50670033165E /* Utilities */ = {
			isa = PBXGroup;
			children = (
				6792B534293F507B0033165E /* ErrorCase.swift */,
				6792B53B294088C10033165E /* UIHelper.swift */,
				6792B5472941F5DA0033165E /* SFSymbols.swift */,
			);
			path = Utilities;
			sourceTree = "<group>";
		};
		6792B536293F5D620033165E /* Cells */ = {
			isa = PBXGroup;
			children = (
				6792B537293F5D790033165E /* FollowerCell.swift */,
				6792B555294368D20033165E /* FavoriteCell.swift */,
			);
			path = Cells;
			sourceTree = "<group>";
		};
		6792B5452941EC180033165E /* Views */ = {
			isa = PBXGroup;
			children = (
				6792B539293F5F200033165E /* GFAvatarImageView.swift */,
				6792B53D2940EC090033165E /* GFEmptyStateView.swift */,
				6792B5492942179E0033165E /* GFItemView.swift */,
			);
			path = Views;
			sourceTree = "<group>";
		};
		6792B5462941EC3A0033165E /* UI Components */ = {
			isa = PBXGroup;
			children = (
				6792B51D293E67480033165E /* GFTitleLabel.swift */,
				6792B5432941E9F80033165E /* GFMidTitleLabel.swift */,
				6792B51F293E69840033165E /* GFBodyLabel.swift */,
				6792B517293E05BF0033165E /* GFButton.swift */,
				6792B519293E0B090033165E /* GFTextField.swift */,
			);
			path = "UI Components";
			sourceTree = "<group>";
		};
		6792B54B294224410033165E /* ViewControllers */ = {
			isa = PBXGroup;
			children = (
				6792B55229422F350033165E /* ItemViewControllers */,
				6792B5412941E9580033165E /* GFHeaderViewController.swift */,
			);
			path = ViewControllers;
			sourceTree = "<group>";
		};
		6792B55229422F350033165E /* ItemViewControllers */ = {
			isa = PBXGroup;
			children = (
				6792B54C2942246B0033165E /* GFItemViewController.swift */,
				6792B54E29422A210033165E /* GFRepoItemViewController.swift */,
				6792B55029422E8B0033165E /* GFFollowerViewController.swift */,
			);
			path = ItemViewControllers;
			sourceTree = "<group>";
		};
/* End PBXGroup section */

/* Begin PBXNativeTarget section */
		6792B4F9293DF0990033165E /* GitHub Followers */ = {
			isa = PBXNativeTarget;
			buildConfigurationList = 6792B50E293DF09A0033165E /* Build configuration list for PBXNativeTarget "GitHub Followers" */;
			buildPhases = (
				6792B4F6293DF0990033165E /* Sources */,
				6792B4F7293DF0990033165E /* Frameworks */,
				6792B4F8293DF0990033165E /* Resources */,
			);
			buildRules = (
			);
			dependencies = (
			);
			name = "GitHub Followers";
			productName = "GitHub Followers";
			productReference = 6792B4FA293DF0990033165E /* GitHub Followers.app */;
			productType = "com.apple.product-type.application";
		};
/* End PBXNativeTarget section */

/* Begin PBXProject section */
		6792B4F2293DF0990033165E /* Project object */ = {
			isa = PBXProject;
			attributes = {
				BuildIndependentTargetsInParallel = 1;
				LastSwiftUpdateCheck = 1400;
				LastUpgradeCheck = 1400;
				TargetAttributes = {
					6792B4F9293DF0990033165E = {
						CreatedOnToolsVersion = 14.0.1;
					};
				};
			};
			buildConfigurationList = 6792B4F5293DF0990033165E /* Build configuration list for PBXProject "GitHub Followers" */;
			compatibilityVersion = "Xcode 14.0";
			developmentRegion = en;
			hasScannedForEncodings = 0;
			knownRegions = (
				en,
				Base,
			);
			mainGroup = 6792B4F1293DF0990033165E;
			productRefGroup = 6792B4FB293DF0990033165E /* Products */;
			projectDirPath = "";
			projectRoot = "";
			targets = (
				6792B4F9293DF0990033165E /* GitHub Followers */,
			);
		};
/* End PBXProject section */

/* Begin PBXResourcesBuildPhase section */
		6792B4F8293DF0990033165E /* Resources */ = {
			isa = PBXResourcesBuildPhase;
			buildActionMask = 2147483647;
			files = (
				6792B50A293DF09A0033165E /* LaunchScreen.storyboard in Resources */,
				6792B507293DF09A0033165E /* Assets.xcassets in Resources */,
			);
			runOnlyForDeploymentPostprocessing = 0;
		};
/* End PBXResourcesBuildPhase section */

/* Begin PBXSourcesBuildPhase section */
		6792B4F6293DF0990033165E /* Sources */ = {
			isa = PBXSourcesBuildPhase;
			buildActionMask = 2147483647;
			files = (
				6792B52F293F36990033165E /* User.swift in Sources */,
				6792B526293E791C0033165E /* UIViewController+Ext..swift in Sources */,
				6792B522293E6A900033165E /* GFAlertViewController.swift in Sources */,
				6792B55129422E8B0033165E /* GFFollowerViewController.swift in Sources */,
				6792B51A293E0B090033165E /* GFTextField.swift in Sources */,
				6792B514293DFC200033165E /* SearchViewController.swift in Sources */,
				6792B54D2942246B0033165E /* GFItemViewController.swift in Sources */,
				6792B54F29422A210033165E /* GFRepoItemViewController.swift in Sources */,
				6792B53C294088C10033165E /* UIHelper.swift in Sources */,
				6792B5482941F5DA0033165E /* SFSymbols.swift in Sources */,
				6792B53A293F5F200033165E /* GFAvatarImageView.swift in Sources */,
				6792B518293E05BF0033165E /* GFButton.swift in Sources */,
				6792B51C293E26250033165E /* FollowersViewController.swift in Sources */,
				6792B535293F507B0033165E /* ErrorCase.swift in Sources */,
				6792B538293F5D790033165E /* FollowerCell.swift in Sources */,
				6792B5542943437C0033165E /* PersistenceManager.swift in Sources */,
				6792B5422941E9580033165E /* GFHeaderViewController.swift in Sources */,
				6792B520293E69840033165E /* GFBodyLabel.swift in Sources */,
				6792B52D293F35240033165E /* Follower.swift in Sources */,
				6792B51E293E67480033165E /* GFTitleLabel.swift in Sources */,
				6792B5442941E9F80033165E /* GFMidTitleLabel.swift in Sources */,
				6792B53E2940EC090033165E /* GFEmptyStateView.swift in Sources */,
				6792B556294368D20033165E /* FavoriteCell.swift in Sources */,
				6792B54A2942179E0033165E /* GFItemView.swift in Sources */,
				6792B532293F3C3D0033165E /* NetworkManager.swift in Sources */,
				6792B4FE293DF0990033165E /* AppDelegate.swift in Sources */,
				6792B5402941DB950033165E /* UserInfoViewController.swift in Sources */,
				6792B516293DFC4B0033165E /* FavoritesViewController.swift in Sources */,
				6792B500293DF0990033165E /* SceneDelegate.swift in Sources */,
			);
			runOnlyForDeploymentPostprocessing = 0;
		};
/* End PBXSourcesBuildPhase section */

/* Begin PBXVariantGroup section */
		6792B508293DF09A0033165E /* LaunchScreen.storyboard */ = {
			isa = PBXVariantGroup;
			children = (
				6792B509293DF09A0033165E /* Base */,
			);
			name = LaunchScreen.storyboard;
			sourceTree = "<group>";
		};
/* End PBXVariantGroup section */

/* Begin XCBuildConfiguration section */
		6792B50C293DF09A0033165E /* Debug */ = {
			isa = XCBuildConfiguration;
			buildSettings = {
				ALWAYS_SEARCH_USER_PATHS = NO;
				CLANG_ANALYZER_NONNULL = YES;
				CLANG_ANALYZER_NUMBER_OBJECT_CONVERSION = YES_AGGRESSIVE;
				CLANG_CXX_LANGUAGE_STANDARD = "gnu++20";
				CLANG_ENABLE_MODULES = YES;
				CLANG_ENABLE_OBJC_ARC = YES;
				CLANG_ENABLE_OBJC_WEAK = YES;
				CLANG_WARN_BLOCK_CAPTURE_AUTORELEASING = YES;
				CLANG_WARN_BOOL_CONVERSION = YES;
				CLANG_WARN_COMMA = YES;
				CLANG_WARN_CONSTANT_CONVERSION = YES;
				CLANG_WARN_DEPRECATED_OBJC_IMPLEMENTATIONS = YES;
				CLANG_WARN_DIRECT_OBJC_ISA_USAGE = YES_ERROR;
				CLANG_WARN_DOCUMENTATION_COMMENTS = YES;
				CLANG_WARN_EMPTY_BODY = YES;
				CLANG_WARN_ENUM_CONVERSION = YES;
				CLANG_WARN_INFINITE_RECURSION = YES;
				CLANG_WARN_INT_CONVERSION = YES;
				CLANG_WARN_NON_LITERAL_NULL_CONVERSION = YES;
				CLANG_WARN_OBJC_IMPLICIT_RETAIN_SELF = YES;
				CLANG_WARN_OBJC_LITERAL_CONVERSION = YES;
				CLANG_WARN_OBJC_ROOT_CLASS = YES_ERROR;
				CLANG_WARN_QUOTED_INCLUDE_IN_FRAMEWORK_HEADER = YES;
				CLANG_WARN_RANGE_LOOP_ANALYSIS = YES;
				CLANG_WARN_STRICT_PROTOTYPES = YES;
				CLANG_WARN_SUSPICIOUS_MOVE = YES;
				CLANG_WARN_UNGUARDED_AVAILABILITY = YES_AGGRESSIVE;
				CLANG_WARN_UNREACHABLE_CODE = YES;
				CLANG_WARN__DUPLICATE_METHOD_MATCH = YES;
				COPY_PHASE_STRIP = NO;
				DEBUG_INFORMATION_FORMAT = dwarf;
				ENABLE_STRICT_OBJC_MSGSEND = YES;
				ENABLE_TESTABILITY = YES;
				GCC_C_LANGUAGE_STANDARD = gnu11;
				GCC_DYNAMIC_NO_PIC = NO;
				GCC_NO_COMMON_BLOCKS = YES;
				GCC_OPTIMIZATION_LEVEL = 0;
				GCC_PREPROCESSOR_DEFINITIONS = (
					"DEBUG=1",
					"$(inherited)",
				);
				GCC_WARN_64_TO_32_BIT_CONVERSION = YES;
				GCC_WARN_ABOUT_RETURN_TYPE = YES_ERROR;
				GCC_WARN_UNDECLARED_SELECTOR = YES;
				GCC_WARN_UNINITIALIZED_AUTOS = YES_AGGRESSIVE;
				GCC_WARN_UNUSED_FUNCTION = YES;
				GCC_WARN_UNUSED_VARIABLE = YES;
				IPHONEOS_DEPLOYMENT_TARGET = 16.0;
				MTL_ENABLE_DEBUG_INFO = INCLUDE_SOURCE;
				MTL_FAST_MATH = YES;
				ONLY_ACTIVE_ARCH = YES;
				SDKROOT = iphoneos;
				SWIFT_ACTIVE_COMPILATION_CONDITIONS = DEBUG;
				SWIFT_OPTIMIZATION_LEVEL = "-Onone";
			};
			name = Debug;
		};
		6792B50D293DF09A0033165E /* Release */ = {
			isa = XCBuildConfiguration;
			buildSettings = {
				ALWAYS_SEARCH_USER_PATHS = NO;
				CLANG_ANALYZER_NONNULL = YES;
				CLANG_ANALYZER_NUMBER_OBJECT_CONVERSION = YES_AGGRESSIVE;
				CLANG_CXX_LANGUAGE_STANDARD = "gnu++20";
				CLANG_ENABLE_MODULES = YES;
				CLANG_ENABLE_OBJC_ARC = YES;
				CLANG_ENABLE_OBJC_WEAK = YES;
				CLANG_WARN_BLOCK_CAPTURE_AUTORELEASING = YES;
				CLANG_WARN_BOOL_CONVERSION = YES;
				CLANG_WARN_COMMA = YES;
				CLANG_WARN_CONSTANT_CONVERSION = YES;
				CLANG_WARN_DEPRECATED_OBJC_IMPLEMENTATIONS = YES;
				CLANG_WARN_DIRECT_OBJC_ISA_USAGE = YES_ERROR;
				CLANG_WARN_DOCUMENTATION_COMMENTS = YES;
				CLANG_WARN_EMPTY_BODY = YES;
				CLANG_WARN_ENUM_CONVERSION = YES;
				CLANG_WARN_INFINITE_RECURSION = YES;
				CLANG_WARN_INT_CONVERSION = YES;
				CLANG_WARN_NON_LITERAL_NULL_CONVERSION = YES;
				CLANG_WARN_OBJC_IMPLICIT_RETAIN_SELF = YES;
				CLANG_WARN_OBJC_LITERAL_CONVERSION = YES;
				CLANG_WARN_OBJC_ROOT_CLASS = YES_ERROR;
				CLANG_WARN_QUOTED_INCLUDE_IN_FRAMEWORK_HEADER = YES;
				CLANG_WARN_RANGE_LOOP_ANALYSIS = YES;
				CLANG_WARN_STRICT_PROTOTYPES = YES;
				CLANG_WARN_SUSPICIOUS_MOVE = YES;
				CLANG_WARN_UNGUARDED_AVAILABILITY = YES_AGGRESSIVE;
				CLANG_WARN_UNREACHABLE_CODE = YES;
				CLANG_WARN__DUPLICATE_METHOD_MATCH = YES;
				COPY_PHASE_STRIP = NO;
				DEBUG_INFORMATION_FORMAT = "dwarf-with-dsym";
				ENABLE_NS_ASSERTIONS = NO;
				ENABLE_STRICT_OBJC_MSGSEND = YES;
				GCC_C_LANGUAGE_STANDARD = gnu11;
				GCC_NO_COMMON_BLOCKS = YES;
				GCC_WARN_64_TO_32_BIT_CONVERSION = YES;
				GCC_WARN_ABOUT_RETURN_TYPE = YES_ERROR;
				GCC_WARN_UNDECLARED_SELECTOR = YES;
				GCC_WARN_UNINITIALIZED_AUTOS = YES_AGGRESSIVE;
				GCC_WARN_UNUSED_FUNCTION = YES;
				GCC_WARN_UNUSED_VARIABLE = YES;
				IPHONEOS_DEPLOYMENT_TARGET = 16.0;
				MTL_ENABLE_DEBUG_INFO = NO;
				MTL_FAST_MATH = YES;
				SDKROOT = iphoneos;
				SWIFT_COMPILATION_MODE = wholemodule;
				SWIFT_OPTIMIZATION_LEVEL = "-O";
				VALIDATE_PRODUCT = YES;
			};
			name = Release;
		};
		6792B50F293DF09A0033165E /* Debug */ = {
			isa = XCBuildConfiguration;
			buildSettings = {
				ASSETCATALOG_COMPILER_APPICON_NAME = AppIcon;
				ASSETCATALOG_COMPILER_GLOBAL_ACCENT_COLOR_NAME = AccentColor;
				CODE_SIGN_STYLE = Automatic;
				CURRENT_PROJECT_VERSION = 1;
				DEVELOPMENT_TEAM = 8G846H35TQ;
				GENERATE_INFOPLIST_FILE = YES;
				INFOPLIST_FILE = "GitHub Followers/Info.plist";
				INFOPLIST_KEY_UIApplicationSupportsIndirectInputEvents = YES;
				INFOPLIST_KEY_UILaunchStoryboardName = LaunchScreen;
				INFOPLIST_KEY_UIMainStoryboardFile = "";
				INFOPLIST_KEY_UISupportedInterfaceOrientations = UIInterfaceOrientationPortrait;
				LD_RUNPATH_SEARCH_PATHS = (
					"$(inherited)",
					"@executable_path/Frameworks",
				);
				MARKETING_VERSION = 1.0;
				PRODUCT_BUNDLE_IDENTIFIER = "com.Tomi.GitHub-Followers";
				PRODUCT_NAME = "$(TARGET_NAME)";
				SWIFT_EMIT_LOC_STRINGS = YES;
				SWIFT_VERSION = 5.0;
				TARGETED_DEVICE_FAMILY = "1,2";
			};
			name = Debug;
		};
		6792B510293DF09A0033165E /* Release */ = {
			isa = XCBuildConfiguration;
			buildSettings = {
				ASSETCATALOG_COMPILER_APPICON_NAME = AppIcon;
				ASSETCATALOG_COMPILER_GLOBAL_ACCENT_COLOR_NAME = AccentColor;
				CODE_SIGN_STYLE = Automatic;
				CURRENT_PROJECT_VERSION = 1;
				DEVELOPMENT_TEAM = 8G846H35TQ;
				GENERATE_INFOPLIST_FILE = YES;
				INFOPLIST_FILE = "GitHub Followers/Info.plist";
				INFOPLIST_KEY_UIApplicationSupportsIndirectInputEvents = YES;
				INFOPLIST_KEY_UILaunchStoryboardName = LaunchScreen;
				INFOPLIST_KEY_UIMainStoryboardFile = "";
				INFOPLIST_KEY_UISupportedInterfaceOrientations = UIInterfaceOrientationPortrait;
				LD_RUNPATH_SEARCH_PATHS = (
					"$(inherited)",
					"@executable_path/Frameworks",
				);
				MARKETING_VERSION = 1.0;
				PRODUCT_BUNDLE_IDENTIFIER = "com.Tomi.GitHub-Followers";
				PRODUCT_NAME = "$(TARGET_NAME)";
				SWIFT_EMIT_LOC_STRINGS = YES;
				SWIFT_VERSION = 5.0;
				TARGETED_DEVICE_FAMILY = "1,2";
			};
			name = Release;
		};
/* End XCBuildConfiguration section */

/* Begin XCConfigurationList section */
		6792B4F5293DF0990033165E /* Build configuration list for PBXProject "GitHub Followers" */ = {
			isa = XCConfigurationList;
			buildConfigurations = (
				6792B50C293DF09A0033165E /* Debug */,
				6792B50D293DF09A0033165E /* Release */,
			);
			defaultConfigurationIsVisible = 0;
			defaultConfigurationName = Release;
		};
		6792B50E293DF09A0033165E /* Build configuration list for PBXNativeTarget "GitHub Followers" */ = {
			isa = XCConfigurationList;
			buildConfigurations = (
				6792B50F293DF09A0033165E /* Debug */,
				6792B510293DF09A0033165E /* Release */,
			);
			defaultConfigurationIsVisible = 0;
			defaultConfigurationName = Release;
		};
/* End XCConfigurationList section */
	};
	rootObject = 6792B4F2293DF0990033165E /* Project object */;
}
